<?xml version="1.0" encoding="utf-8"?>
<Project ToolsVersion="4.0" xmlns="http://schemas.microsoft.com/developer/msbuild/2003">
  <ItemGroup>
    <Filter Include="Source Files">
      <UniqueIdentifier>{4FC737F1-C7A5-4376-A066-2A32D752A2FF}</UniqueIdentifier>
      <Extensions>cpp;c;cc;cxx;def;odl;idl;hpj;bat;asm;asmx</Extensions>
    </Filter>
    <Filter Include="Header Files">
      <UniqueIdentifier>{93995380-89BD-4b04-88EB-625FBE52EBFB}</UniqueIdentifier>
      <Extensions>h;hh;hpp;hxx;hm;inl;inc;ipp;xsd</Extensions>
    </Filter>
    <Filter Include="Resource Files">
      <UniqueIdentifier>{67DA6AB6-F800-4c08-8B7A-83BB121AAD01}</UniqueIdentifier>
      <Extensions>rc;ico;cur;bmp;dlg;rc2;rct;bin;rgs;gif;jpg;jpeg;jpe;resx;tiff;tif;png;wav;mfcribbon-ms</Extensions>
    </Filter>
  </ItemGroup>
  <ItemGroup>
    <ClCompile Include="Externals\tinyobjloader\tiny_obj_loader.cc">
      <Filter>Source Files</Filter>
    </ClCompile>
    <ClCompile Include="LibCommon\Animation\Animation.cpp">
      <Filter>Source Files</Filter>
    </ClCompile>
    <ClCompile Include="LibCommon\Array\ArrayHelpers.cpp">
      <Filter>Source Files</Filter>
    </ClCompile>
    <ClCompile Include="LibCommon\Geometry\GeometryHelpers.cpp">
      <Filter>Source Files</Filter>
    </ClCompile>
    <ClCompile Include="LibCommon\Geometry\GeometryObjectFactory.cpp">
      <Filter>Source Files</Filter>
    </ClCompile>
    <ClCompile Include="LibCommon\Geometry\GeometryObjects.cpp">
      <Filter>Source Files</Filter>
    </ClCompile>
    <ClCompile Include="LibCommon\Geometry\KdTree.cpp">
      <Filter>Source Files</Filter>
    </ClCompile>
    <ClCompile Include="LibCommon\Geometry\MeshLoader.cpp">
      <Filter>Source Files</Filter>
    </ClCompile>
    <ClCompile Include="LibCommon\Grid\Grid.cpp">
      <Filter>Source Files</Filter>
    </ClCompile>
    <ClCompile Include="LibCommon\LinearAlgebra\LinearSolvers\BlockPCGSolver.cpp">
      <Filter>Source Files</Filter>
    </ClCompile>
    <ClCompile Include="LibCommon\LinearAlgebra\LinearSolvers\PCGSolver.cpp">
      <Filter>Source Files</Filter>
    </ClCompile>
    <ClCompile Include="LibCommon\LinearAlgebra\SparseMatrix\BlockSparseMatrix.cpp">
      <Filter>Source Files</Filter>
    </ClCompile>
    <ClCompile Include="LibCommon\LinearAlgebra\SparseMatrix\SparseMatrix.cpp">
      <Filter>Source Files</Filter>
    </ClCompile>
    <ClCompile Include="LibCommon\LinearAlgebra\ImplicitQRSVD.cpp">
      <Filter>Source Files</Filter>
    </ClCompile>
    <ClCompile Include="LibCommon\Logger\Logger.cpp">
      <Filter>Source Files</Filter>
    </ClCompile>
    <ClCompile Include="LibCommon\NeighborSearch\NeighborSearch.cpp">
      <Filter>Source Files</Filter>
    </ClCompile>
    <ClCompile Include="LibCommon\Utils\Formatters.cpp">
      <Filter>Source Files</Filter>
    </ClCompile>
    <ClCompile Include="LibCommon\Utils\NumberHelpers.cpp">
      <Filter>Source Files</Filter>
    </ClCompile>
  </ItemGroup>
  <ItemGroup>
    <ClInclude Include="LibCommon\Animation\Animation.h">
      <Filter>Header Files</Filter>
    </ClInclude>
    <ClInclude Include="LibCommon\Animation\CubicSpline.h">
      <Filter>Header Files</Filter>
    </ClInclude>
    <ClInclude Include="LibCommon\Array\Array.h">
      <Filter>Header Files</Filter>
    </ClInclude>
    <ClInclude Include="LibCommon\Array\ArrayHelpers.h">
      <Filter>Header Files</Filter>
    </ClInclude>
    <ClInclude Include="LibCommon\Data\DataBuffer.h">
      <Filter>Header Files</Filter>
    </ClInclude>
    <ClInclude Include="LibCommon\Data\DataIO.h">
      <Filter>Header Files</Filter>
    </ClInclude>
    <ClInclude Include="LibCommon\Data\DataPrinter.h">
      <Filter>Header Files</Filter>
    </ClInclude>
    <ClInclude Include="LibCommon\Data\ParameterManager.h">
      <Filter>Header Files</Filter>
    </ClInclude>
    <ClInclude Include="LibCommon\Geometry\GeometryHelpers.h">
      <Filter>Header Files</Filter>
    </ClInclude>
    <ClInclude Include="LibCommon\Geometry\GeometryObjectFactory.h">
      <Filter>Header Files</Filter>
    </ClInclude>
    <ClInclude Include="LibCommon\Geometry\GeometryObjects.h">
      <Filter>Header Files</Filter>
    </ClInclude>
    <ClInclude Include="LibCommon\Geometry\KDTree.h">
      <Filter>Header Files</Filter>
    </ClInclude>
    <ClInclude Include="LibCommon\Geometry\MeshLoader.h">
      <Filter>Header Files</Filter>
    </ClInclude>
    <ClInclude Include="LibCommon\Grid\FastGrid.h">
      <Filter>Header Files</Filter>
    </ClInclude>
    <ClInclude Include="LibCommon\Grid\Grid.h">
      <Filter>Header Files</Filter>
    </ClInclude>
    <ClInclude Include="LibCommon\LinearAlgebra\LinearSolvers\BlockPCGSolver.h">
      <Filter>Header Files</Filter>
    </ClInclude>
    <ClInclude Include="LibCommon\LinearAlgebra\LinearSolvers\PCGSolver.h">
      <Filter>Header Files</Filter>
    </ClInclude>
    <ClInclude Include="LibCommon\LinearAlgebra\SparseMatrix\BlockSparseMatrix.h">
      <Filter>Header Files</Filter>
    </ClInclude>
    <ClInclude Include="LibCommon\LinearAlgebra\SparseMatrix\SparseMatrix.h">
      <Filter>Header Files</Filter>
    </ClInclude>
    <ClInclude Include="LibCommon\LinearAlgebra\_LinearAlgebra.Test.hpp">
      <Filter>Header Files</Filter>
    </ClInclude>
    <ClInclude Include="LibCommon\LinearAlgebra\ImplicitQRSVD.h">
      <Filter>Header Files</Filter>
    </ClInclude>
    <ClInclude Include="LibCommon\LinearAlgebra\ImplicitQRSVD.Test.hpp">
      <Filter>Header Files</Filter>
    </ClInclude>
    <ClInclude Include="LibCommon\LinearAlgebra\LinaHelpers.h">
      <Filter>Header Files</Filter>
    </ClInclude>
    <ClInclude Include="LibCommon\Logger\Logger.h">
      <Filter>Header Files</Filter>
    </ClInclude>
    <ClInclude Include="LibCommon\Math\_TestFastTypes.hpp">
      <Filter>Header Files</Filter>
    </ClInclude>
    <ClInclude Include="LibCommon\Math\FastMat3.h">
      <Filter>Header Files</Filter>
    </ClInclude>
    <ClInclude Include="LibCommon\Math\FastVec3.h">
      <Filter>Header Files</Filter>
    </ClInclude>
    <ClInclude Include="LibCommon\Math\MathHelpers.h">
      <Filter>Header Files</Filter>
    </ClInclude>
    <ClInclude Include="LibCommon\NeighborSearch\Morton\Morton.h">
      <Filter>Header Files</Filter>
    </ClInclude>
    <ClInclude Include="LibCommon\NeighborSearch\Morton\Morton_BMI.h">
      <Filter>Header Files</Filter>
    </ClInclude>
    <ClInclude Include="LibCommon\NeighborSearch\Morton\Morton_Common.h">
      <Filter>Header Files</Filter>
    </ClInclude>
    <ClInclude Include="LibCommon\NeighborSearch\Morton\Morton_LUT_generators.h">
      <Filter>Header Files</Filter>
    </ClInclude>
    <ClInclude Include="LibCommon\NeighborSearch\Morton\Morton2D.h">
      <Filter>Header Files</Filter>
    </ClInclude>
    <ClInclude Include="LibCommon\NeighborSearch\Morton\Morton2D_LUTs.h">
      <Filter>Header Files</Filter>
    </ClInclude>
    <ClInclude Include="LibCommon\NeighborSearch\Morton\Morton3D.h">
      <Filter>Header Files</Filter>
    </ClInclude>
    <ClInclude Include="LibCommon\NeighborSearch\Morton\Morton3D_LUTs.h">
      <Filter>Header Files</Filter>
    </ClInclude>
    <ClInclude Include="LibCommon\NeighborSearch\_NeighborSearch.Test.hpp">
      <Filter>Header Files</Filter>
    </ClInclude>
    <ClInclude Include="LibCommon\NeighborSearch\DataStructures.h">
      <Filter>Header Files</Filter>
    </ClInclude>
    <ClInclude Include="LibCommon\NeighborSearch\NeighborSearch.h">
      <Filter>Header Files</Filter>
    </ClInclude>
    <ClInclude Include="LibCommon\NeighborSearch\PointSet.h">
      <Filter>Header Files</Filter>
    </ClInclude>
    <ClInclude Include="LibCommon\ParallelHelpers\_ParallelHelpers.Test.hpp">
      <Filter>Header Files</Filter>
    </ClInclude>
    <ClInclude Include="LibCommon\ParallelHelpers\AtomicOperations.h">
      <Filter>Header Files</Filter>
    </ClInclude>
    <ClInclude Include="LibCommon\ParallelHelpers\ParallelBLAS.h">
      <Filter>Header Files</Filter>
    </ClInclude>
    <ClInclude Include="LibCommon\ParallelHelpers\ParallelObjects.h">
      <Filter>Header Files</Filter>
    </ClInclude>
    <ClInclude Include="LibCommon\ParallelHelpers\ParallelSTL.h">
      <Filter>Header Files</Filter>
    </ClInclude>
    <ClInclude Include="LibCommon\ParallelHelpers\Scheduler.h">
      <Filter>Header Files</Filter>
    </ClInclude>
    <ClInclude Include="LibCommon\Timer\ScopeTimer.h">
      <Filter>Header Files</Filter>
    </ClInclude>
    <ClInclude Include="LibCommon\Timer\Timer.h">
      <Filter>Header Files</Filter>
    </ClInclude>
    <ClInclude Include="LibCommon\Utils\AppConfigReader.h">
      <Filter>Header Files</Filter>
    </ClInclude>
    <ClInclude Include="LibCommon\Utils\FileHelpers.h">
      <Filter>Header Files</Filter>
    </ClInclude>
    <ClInclude Include="LibCommon\Utils\Formatters.h">
      <Filter>Header Files</Filter>
    </ClInclude>
    <ClInclude Include="LibCommon\Utils\JSONHelpers.h">
      <Filter>Header Files</Filter>
    </ClInclude>
    <ClInclude Include="LibCommon\Utils\MemoryUsage.h">
      <Filter>Header Files</Filter>
    </ClInclude>
    <ClInclude Include="LibCommon\Utils\NumberHelpers.h">
      <Filter>Header Files</Filter>
    </ClInclude>
    <ClInclude Include="LibCommon\Utils\ObjectPool.h">
      <Filter>Header Files</Filter>
    </ClInclude>
    <ClInclude Include="LibCommon\Utils\STLHelpers.h">
      <Filter>Header Files</Filter>
    </ClInclude>
    <ClInclude Include="LibCommon\BasicTypes.h">
      <Filter>Header Files</Filter>
    </ClInclude>
    <ClInclude Include="LibCommon\CommonForward.h">
      <Filter>Header Files</Filter>
    </ClInclude>
    <ClInclude Include="LibCommon\CommonMacros.h">
      <Filter>Header Files</Filter>
    </ClInclude>
    <ClInclude Include="LibCommon\CommonSetup.h">
      <Filter>Header Files</Filter>
    </ClInclude>
    <ClInclude Include="LibCommon\MathTypes.h">
      <Filter>Header Files</Filter>
    </ClInclude>
  </ItemGroup>
</Project>